
Microsoft Visual Studio Solution File, Format Version 12.00
# Visual Studio Version 17
VisualStudioVersion = 17.5.33627.172
MinimumVisualStudioVersion = 10.0.40219.1
Project("{9A19103F-16F7-4668-BE54-9A1E7A4F7556}") = "משחק זיכרון", "משחק זיכרון\משחק זיכרון.csproj", "{6B5A998B-B2E6-477E-9EC1-8F9FC7FBF836}"
EndProject
Global
	GlobalSection(SolutionConfigurationPlatforms) = preSolution
		Debug|Any CPU = Debug|Any CPU
		Release|Any CPU = Release|Any CPU
	EndGlobalSection
	GlobalSection(ProjectConfigurationPlatforms) = postSolution
		{6B5A998B-B2E6-477E-9EC1-8F9FC7FBF836}.Debug|Any CPU.ActiveCfg = Debug|Any CPU
		{6B5A998B-B2E6-477E-9EC1-8F9FC7FBF836}.Debug|Any CPU.Build.0 = Debug|Any CPU
		{6B5A998B-B2E6-477E-9EC1-8F9FC7FBF836}.Release|Any CPU.ActiveCfg = Release|Any CPU
		{6B5A998B-B2E6-477E-9EC1-8F9FC7FBF836}.Release|Any CPU.Build.0 = Release|Any CPU
	EndGlobalSection
	GlobalSection(SolutionProperties) = preSolution
		HideSolutionNode = FALSE
	EndGlobalSection
	GlobalSection(ExtensibilityGlobals) = postSolution
		SolutionGuid = {3D85E7F8-1B9B-4B0F-B6D7-264DD02DD325}
	EndGlobalSection
EndGlobal
